
Microsoft Visual Studio Solution File, Format Version 12.00
# Visual Studio Version 17
VisualStudioVersion = 17.3.32929.385
MinimumVisualStudioVersion = 10.0.40219.1
Project("{FAE04EC0-301F-11D3-BF4B-00C04F79EFBC}") = "Adita.PlexNet.Wpf.Security", "Adita.PlexNet.Wpf.Security\Adita.PlexNet.Wpf.Security.csproj", "{1D2ABE3E-D9C2-4767-93A8-969D9602F39A}"
EndProject
Project("{FAE04EC0-301F-11D3-BF4B-00C04F79EFBC}") = "Adita.PlexNet.Wpf.Security.Test", "Adita.PlexNet.Wpf.Security.Test\Adita.PlexNet.Wpf.Security.Test.csproj", "{A6C84F90-7651-405C-A5E5-CACA3D5BF242}"
EndProject
Project("{FAE04EC0-301F-11D3-BF4B-00C04F79EFBC}") = "Adita.PlexNet.Wpf.Security.Sample", "Adita.PlexNet.Wpf.Security.Sample\Adita.PlexNet.Wpf.Security.Sample.csproj", "{F6FF2FF2-5163-4A0D-804D-F2DE2F01CE71}"
EndProject
Global
	GlobalSection(SolutionConfigurationPlatforms) = preSolution
		Debug|Any CPU = Debug|Any CPU
		Release|Any CPU = Release|Any CPU
	EndGlobalSection
	GlobalSection(ProjectConfigurationPlatforms) = postSolution
		{1D2ABE3E-D9C2-4767-93A8-969D9602F39A}.Debug|Any CPU.ActiveCfg = Debug|Any CPU
		{1D2ABE3E-D9C2-4767-93A8-969D9602F39A}.Debug|Any CPU.Build.0 = Debug|Any CPU
		{1D2ABE3E-D9C2-4767-93A8-969D9602F39A}.Release|Any CPU.ActiveCfg = Release|Any CPU
		{1D2ABE3E-D9C2-4767-93A8-969D9602F39A}.Release|Any CPU.Build.0 = Release|Any CPU
		{A6C84F90-7651-405C-A5E5-CACA3D5BF242}.Debug|Any CPU.ActiveCfg = Debug|Any CPU
		{A6C84F90-7651-405C-A5E5-CACA3D5BF242}.Debug|Any CPU.Build.0 = Debug|Any CPU
		{A6C84F90-7651-405C-A5E5-CACA3D5BF242}.Release|Any CPU.ActiveCfg = Release|Any CPU
		{A6C84F90-7651-405C-A5E5-CACA3D5BF242}.Release|Any CPU.Build.0 = Release|Any CPU
		{F6FF2FF2-5163-4A0D-804D-F2DE2F01CE71}.Debug|Any CPU.ActiveCfg = Debug|Any CPU
		{F6FF2FF2-5163-4A0D-804D-F2DE2F01CE71}.Debug|Any CPU.Build.0 = Debug|Any CPU
		{F6FF2FF2-5163-4A0D-804D-F2DE2F01CE71}.Release|Any CPU.ActiveCfg = Release|Any CPU
		{F6FF2FF2-5163-4A0D-804D-F2DE2F01CE71}.Release|Any CPU.Build.0 = Release|Any CPU
	EndGlobalSection
	GlobalSection(SolutionProperties) = preSolution
		HideSolutionNode = FALSE
	EndGlobalSection
	GlobalSection(ExtensibilityGlobals) = postSolution
		SolutionGuid = {E34D99B3-662D-4F4E-8365-F61D38937188}
	EndGlobalSection
EndGlobal
